
Microsoft Visual Studio Solution File, Format Version 12.00
# Visual Studio Version 17
VisualStudioVersion = 17.14.36811.4 d17.14
MinimumVisualStudioVersion = 10.0.40219.1
Project("{FAE04EC0-301F-11D3-BF4B-00C04F79EFBC}") = "AdobePDFServicesFront", "AdobePDFServicesFront.csproj", "{1D943F89-44E7-4138-8996-CA338C998468}"
EndProject
Global
	GlobalSection(SolutionConfigurationPlatforms) = preSolution
		Debug|Any CPU = Debug|Any CPU
		Release|Any CPU = Release|Any CPU
	EndGlobalSection
	GlobalSection(ProjectConfigurationPlatforms) = postSolution
		{1D943F89-44E7-4138-8996-CA338C998468}.Debug|Any CPU.ActiveCfg = Debug|Any CPU
		{1D943F89-44E7-4138-8996-CA338C998468}.Debug|Any CPU.Build.0 = Debug|Any CPU
		{1D943F89-44E7-4138-8996-CA338C998468}.Release|Any CPU.ActiveCfg = Release|Any CPU
		{1D943F89-44E7-4138-8996-CA338C998468}.Release|Any CPU.Build.0 = Release|Any CPU
	EndGlobalSection
	GlobalSection(SolutionProperties) = preSolution
		HideSolutionNode = FALSE
	EndGlobalSection
	GlobalSection(ExtensibilityGlobals) = postSolution
		SolutionGuid = {6D7685BF-17A0-445E-80B5-8FB08AE2273E}
	EndGlobalSection
EndGlobal
